
Microsoft Visual Studio Solution File, Format Version 12.00
# Visual Studio Version 16
VisualStudioVersion = 16.0.32602.291
MinimumVisualStudioVersion = 10.0.40219.1
Project("{FAE04EC0-301F-11D3-BF4B-00C04F79EFBC}") = "MyFridge.Web", "MyFridge.Web\MyFridge.Web.csproj", "{762CCD0A-BE7B-4021-983E-D35481F2BCBD}"
EndProject
Project("{FAE04EC0-301F-11D3-BF4B-00C04F79EFBC}") = "MyFridge.Data", "MyFridge.Data\MyFridge.Data.csproj", "{D4B91D3D-FDEC-481D-82A6-7096AB1525DA}"
EndProject
Global
	GlobalSection(SolutionConfigurationPlatforms) = preSolution
		Debug|Any CPU = Debug|Any CPU
		Release|Any CPU = Release|Any CPU
	EndGlobalSection
	GlobalSection(ProjectConfigurationPlatforms) = postSolution
		{762CCD0A-BE7B-4021-983E-D35481F2BCBD}.Debug|Any CPU.ActiveCfg = Debug|Any CPU
		{762CCD0A-BE7B-4021-983E-D35481F2BCBD}.Debug|Any CPU.Build.0 = Debug|Any CPU
		{762CCD0A-BE7B-4021-983E-D35481F2BCBD}.Release|Any CPU.ActiveCfg = Release|Any CPU
		{762CCD0A-BE7B-4021-983E-D35481F2BCBD}.Release|Any CPU.Build.0 = Release|Any CPU
		{D4B91D3D-FDEC-481D-82A6-7096AB1525DA}.Debug|Any CPU.ActiveCfg = Debug|Any CPU
		{D4B91D3D-FDEC-481D-82A6-7096AB1525DA}.Debug|Any CPU.Build.0 = Debug|Any CPU
		{D4B91D3D-FDEC-481D-82A6-7096AB1525DA}.Release|Any CPU.ActiveCfg = Release|Any CPU
		{D4B91D3D-FDEC-481D-82A6-7096AB1525DA}.Release|Any CPU.Build.0 = Release|Any CPU
	EndGlobalSection
	GlobalSection(SolutionProperties) = preSolution
		HideSolutionNode = FALSE
	EndGlobalSection
	GlobalSection(ExtensibilityGlobals) = postSolution
		SolutionGuid = {FDB1A887-DEE5-4F6E-AA77-F4CF990D776E}
	EndGlobalSection
EndGlobal
